
Microsoft Visual Studio Solution File, Format Version 12.00
# Visual Studio Version 17
VisualStudioVersion = 17.0.31903.59
MinimumVisualStudioVersion = 10.0.40219.1
Project("{FAE04EC0-301F-11D3-BF4B-00C04F79EFBC}") = "HelloCS", "HelloCS\HelloCS.csproj", "{C30E2AEF-2C90-4606-8010-B4DBA7015E75}"
EndProject
Project("{FAE04EC0-301F-11D3-BF4B-00C04F79EFBC}") = "AboutMyEnvironment", "AboutMyEnvironment\AboutMyEnvironment.csproj", "{3EC4CFF2-AF94-44B0-97D4-A8D2815E7B0A}"
EndProject
Global
	GlobalSection(SolutionConfigurationPlatforms) = preSolution
		Debug|Any CPU = Debug|Any CPU
		Release|Any CPU = Release|Any CPU
	EndGlobalSection
	GlobalSection(SolutionProperties) = preSolution
		HideSolutionNode = FALSE
	EndGlobalSection
	GlobalSection(ProjectConfigurationPlatforms) = postSolution
		{C30E2AEF-2C90-4606-8010-B4DBA7015E75}.Debug|Any CPU.ActiveCfg = Debug|Any CPU
		{C30E2AEF-2C90-4606-8010-B4DBA7015E75}.Debug|Any CPU.Build.0 = Debug|Any CPU
		{C30E2AEF-2C90-4606-8010-B4DBA7015E75}.Release|Any CPU.ActiveCfg = Release|Any CPU
		{C30E2AEF-2C90-4606-8010-B4DBA7015E75}.Release|Any CPU.Build.0 = Release|Any CPU
		{3EC4CFF2-AF94-44B0-97D4-A8D2815E7B0A}.Debug|Any CPU.ActiveCfg = Debug|Any CPU
		{3EC4CFF2-AF94-44B0-97D4-A8D2815E7B0A}.Debug|Any CPU.Build.0 = Debug|Any CPU
		{3EC4CFF2-AF94-44B0-97D4-A8D2815E7B0A}.Release|Any CPU.ActiveCfg = Release|Any CPU
		{3EC4CFF2-AF94-44B0-97D4-A8D2815E7B0A}.Release|Any CPU.Build.0 = Release|Any CPU
	EndGlobalSection
EndGlobal
